
Microsoft Visual Studio Solution File, Format Version 12.00
# Visual Studio Version 16
VisualStudioVersion = 16.0.28729.10
MinimumVisualStudioVersion = 10.0.40219.1
Project("{9A19103F-16F7-4668-BE54-9A1E7A4F7556}") = "Exam.Domain", "Exam.Domain\Exam.Domain.csproj", "{5A057D97-FACE-425B-B860-9418105D2CB1}"
EndProject
Project("{9A19103F-16F7-4668-BE54-9A1E7A4F7556}") = "Exam.Context", "Exam.Context\Exam.Context.csproj", "{D42E18AB-BE7D-4B0D-A48C-3136F41693A1}"
EndProject
Project("{2150E333-8FDC-42A3-9474-1A3956D46DE8}") = "Test", "Test", "{2A9D050C-1915-48B6-9AE3-CF3B09AB5B02}"
EndProject
Project("{2150E333-8FDC-42A3-9474-1A3956D46DE8}") = "Data access", "Data access", "{E409D898-B1B7-4C49-AE43-38D0E260F23A}"
EndProject
Project("{9A19103F-16F7-4668-BE54-9A1E7A4F7556}") = "Exam.UnitTest", "Exam.UnitTest\Exam.UnitTest.csproj", "{9D815BBE-AE16-49C3-9A58-41053517D044}"
EndProject
Project("{2150E333-8FDC-42A3-9474-1A3956D46DE8}") = "Microservice", "Microservice", "{87C94B54-AE98-42C5-8466-09049C7EDAFC}"
EndProject
Project("{9A19103F-16F7-4668-BE54-9A1E7A4F7556}") = "Exam.Microservice.Shipping", "Exam.Microservice.Shipping\Exam.Microservice.Shipping.csproj", "{86FEAC37-3519-4A7F-B8C3-5225E508BCCF}"
EndProject
Project("{2150E333-8FDC-42A3-9474-1A3956D46DE8}") = "Framework", "Framework", "{CE495690-76FD-428A-8219-9CA1E5C0E8C6}"
EndProject
Project("{9A19103F-16F7-4668-BE54-9A1E7A4F7556}") = "Exam.Contract", "Exam.Contract\Exam.Contract.csproj", "{AAA7DFCF-4DED-4517-AF56-3A5D93B04310}"
EndProject
Project("{9A19103F-16F7-4668-BE54-9A1E7A4F7556}") = "Exam.Exception", "Exam.Exception\Exam.Exception.csproj", "{3B6F1AB9-3F26-40E9-8591-A614D5A0276D}"
EndProject
Project("{2150E333-8FDC-42A3-9474-1A3956D46DE8}") = "Business", "Business", "{C161365B-75DA-4F0E-8F31-A9FDC51F2340}"
EndProject
Project("{9A19103F-16F7-4668-BE54-9A1E7A4F7556}") = "Exam.Mapper", "Exam.Mapper\Exam.Mapper.csproj", "{918FBB46-00D6-420B-8CCC-F518CE14B537}"
EndProject
Project("{9A19103F-16F7-4668-BE54-9A1E7A4F7556}") = "Exam.Repository", "Exam.Repository\Exam.Repository.csproj", "{FEA716A5-4305-4900-A9D9-09B9E35A87B5}"
EndProject
Project("{9A19103F-16F7-4668-BE54-9A1E7A4F7556}") = "Exam.Business", "Exam.Business\Exam.Business.csproj", "{5BFE5E3B-1E31-45D7-8CCC-24B8B038586D}"
EndProject
Project("{9A19103F-16F7-4668-BE54-9A1E7A4F7556}") = "Exam.Toolbox", "Exam.Toolbox\Exam.Toolbox.csproj", "{6639C84E-E150-48E8-9BE9-92567D9523D7}"
EndProject
Project("{2150E333-8FDC-42A3-9474-1A3956D46DE8}") = "Aspect", "Aspect", "{8B163606-B356-4A85-82D1-B6D25EB27463}"
EndProject
Project("{FAE04EC0-301F-11D3-BF4B-00C04F79EFBC}") = "Exam.Facet", "Exam.Facet\Exam.Facet.csproj", "{A5BB8F24-3536-424E-9261-BCF64E4D72E7}"
EndProject
Global
	GlobalSection(SolutionConfigurationPlatforms) = preSolution
		Debug|Any CPU = Debug|Any CPU
		Release|Any CPU = Release|Any CPU
	EndGlobalSection
	GlobalSection(ProjectConfigurationPlatforms) = postSolution
		{5A057D97-FACE-425B-B860-9418105D2CB1}.Debug|Any CPU.ActiveCfg = Debug|Any CPU
		{5A057D97-FACE-425B-B860-9418105D2CB1}.Debug|Any CPU.Build.0 = Debug|Any CPU
		{5A057D97-FACE-425B-B860-9418105D2CB1}.Release|Any CPU.ActiveCfg = Release|Any CPU
		{5A057D97-FACE-425B-B860-9418105D2CB1}.Release|Any CPU.Build.0 = Release|Any CPU
		{D42E18AB-BE7D-4B0D-A48C-3136F41693A1}.Debug|Any CPU.ActiveCfg = Debug|Any CPU
		{D42E18AB-BE7D-4B0D-A48C-3136F41693A1}.Debug|Any CPU.Build.0 = Debug|Any CPU
		{D42E18AB-BE7D-4B0D-A48C-3136F41693A1}.Release|Any CPU.ActiveCfg = Release|Any CPU
		{D42E18AB-BE7D-4B0D-A48C-3136F41693A1}.Release|Any CPU.Build.0 = Release|Any CPU
		{9D815BBE-AE16-49C3-9A58-41053517D044}.Debug|Any CPU.ActiveCfg = Debug|Any CPU
		{9D815BBE-AE16-49C3-9A58-41053517D044}.Debug|Any CPU.Build.0 = Debug|Any CPU
		{9D815BBE-AE16-49C3-9A58-41053517D044}.Release|Any CPU.ActiveCfg = Release|Any CPU
		{9D815BBE-AE16-49C3-9A58-41053517D044}.Release|Any CPU.Build.0 = Release|Any CPU
		{86FEAC37-3519-4A7F-B8C3-5225E508BCCF}.Debug|Any CPU.ActiveCfg = Debug|Any CPU
		{86FEAC37-3519-4A7F-B8C3-5225E508BCCF}.Debug|Any CPU.Build.0 = Debug|Any CPU
		{86FEAC37-3519-4A7F-B8C3-5225E508BCCF}.Release|Any CPU.ActiveCfg = Release|Any CPU
		{86FEAC37-3519-4A7F-B8C3-5225E508BCCF}.Release|Any CPU.Build.0 = Release|Any CPU
		{AAA7DFCF-4DED-4517-AF56-3A5D93B04310}.Debug|Any CPU.ActiveCfg = Debug|Any CPU
		{AAA7DFCF-4DED-4517-AF56-3A5D93B04310}.Debug|Any CPU.Build.0 = Debug|Any CPU
		{AAA7DFCF-4DED-4517-AF56-3A5D93B04310}.Release|Any CPU.ActiveCfg = Release|Any CPU
		{AAA7DFCF-4DED-4517-AF56-3A5D93B04310}.Release|Any CPU.Build.0 = Release|Any CPU
		{3B6F1AB9-3F26-40E9-8591-A614D5A0276D}.Debug|Any CPU.ActiveCfg = Debug|Any CPU
		{3B6F1AB9-3F26-40E9-8591-A614D5A0276D}.Debug|Any CPU.Build.0 = Debug|Any CPU
		{3B6F1AB9-3F26-40E9-8591-A614D5A0276D}.Release|Any CPU.ActiveCfg = Release|Any CPU
		{3B6F1AB9-3F26-40E9-8591-A614D5A0276D}.Release|Any CPU.Build.0 = Release|Any CPU
		{918FBB46-00D6-420B-8CCC-F518CE14B537}.Debug|Any CPU.ActiveCfg = Debug|Any CPU
		{918FBB46-00D6-420B-8CCC-F518CE14B537}.Debug|Any CPU.Build.0 = Debug|Any CPU
		{918FBB46-00D6-420B-8CCC-F518CE14B537}.Release|Any CPU.ActiveCfg = Release|Any CPU
		{918FBB46-00D6-420B-8CCC-F518CE14B537}.Release|Any CPU.Build.0 = Release|Any CPU
		{FEA716A5-4305-4900-A9D9-09B9E35A87B5}.Debug|Any CPU.ActiveCfg = Debug|Any CPU
		{FEA716A5-4305-4900-A9D9-09B9E35A87B5}.Debug|Any CPU.Build.0 = Debug|Any CPU
		{FEA716A5-4305-4900-A9D9-09B9E35A87B5}.Release|Any CPU.ActiveCfg = Release|Any CPU
		{FEA716A5-4305-4900-A9D9-09B9E35A87B5}.Release|Any CPU.Build.0 = Release|Any CPU
		{5BFE5E3B-1E31-45D7-8CCC-24B8B038586D}.Debug|Any CPU.ActiveCfg = Debug|Any CPU
		{5BFE5E3B-1E31-45D7-8CCC-24B8B038586D}.Debug|Any CPU.Build.0 = Debug|Any CPU
		{5BFE5E3B-1E31-45D7-8CCC-24B8B038586D}.Release|Any CPU.ActiveCfg = Release|Any CPU
		{5BFE5E3B-1E31-45D7-8CCC-24B8B038586D}.Release|Any CPU.Build.0 = Release|Any CPU
		{6639C84E-E150-48E8-9BE9-92567D9523D7}.Debug|Any CPU.ActiveCfg = Debug|Any CPU
		{6639C84E-E150-48E8-9BE9-92567D9523D7}.Debug|Any CPU.Build.0 = Debug|Any CPU
		{6639C84E-E150-48E8-9BE9-92567D9523D7}.Release|Any CPU.ActiveCfg = Release|Any CPU
		{6639C84E-E150-48E8-9BE9-92567D9523D7}.Release|Any CPU.Build.0 = Release|Any CPU
		{A5BB8F24-3536-424E-9261-BCF64E4D72E7}.Debug|Any CPU.ActiveCfg = Debug|Any CPU
		{A5BB8F24-3536-424E-9261-BCF64E4D72E7}.Debug|Any CPU.Build.0 = Debug|Any CPU
		{A5BB8F24-3536-424E-9261-BCF64E4D72E7}.Release|Any CPU.ActiveCfg = Release|Any CPU
		{A5BB8F24-3536-424E-9261-BCF64E4D72E7}.Release|Any CPU.Build.0 = Release|Any CPU
	EndGlobalSection
	GlobalSection(SolutionProperties) = preSolution
		HideSolutionNode = FALSE
	EndGlobalSection
	GlobalSection(NestedProjects) = preSolution
		{5A057D97-FACE-425B-B860-9418105D2CB1} = {E409D898-B1B7-4C49-AE43-38D0E260F23A}
		{D42E18AB-BE7D-4B0D-A48C-3136F41693A1} = {E409D898-B1B7-4C49-AE43-38D0E260F23A}
		{9D815BBE-AE16-49C3-9A58-41053517D044} = {2A9D050C-1915-48B6-9AE3-CF3B09AB5B02}
		{86FEAC37-3519-4A7F-B8C3-5225E508BCCF} = {87C94B54-AE98-42C5-8466-09049C7EDAFC}
		{AAA7DFCF-4DED-4517-AF56-3A5D93B04310} = {CE495690-76FD-428A-8219-9CA1E5C0E8C6}
		{3B6F1AB9-3F26-40E9-8591-A614D5A0276D} = {8B163606-B356-4A85-82D1-B6D25EB27463}
		{918FBB46-00D6-420B-8CCC-F518CE14B537} = {CE495690-76FD-428A-8219-9CA1E5C0E8C6}
		{FEA716A5-4305-4900-A9D9-09B9E35A87B5} = {E409D898-B1B7-4C49-AE43-38D0E260F23A}
		{5BFE5E3B-1E31-45D7-8CCC-24B8B038586D} = {C161365B-75DA-4F0E-8F31-A9FDC51F2340}
		{6639C84E-E150-48E8-9BE9-92567D9523D7} = {CE495690-76FD-428A-8219-9CA1E5C0E8C6}
		{A5BB8F24-3536-424E-9261-BCF64E4D72E7} = {8B163606-B356-4A85-82D1-B6D25EB27463}
	EndGlobalSection
	GlobalSection(ExtensibilityGlobals) = postSolution
		SolutionGuid = {31FDBABD-E6F7-45FA-9AA3-AE5F4B55732A}
	EndGlobalSection
EndGlobal
